
Microsoft Visual Studio Solution File, Format Version 12.00
# Visual Studio Version 16
VisualStudioVersion = 16.0.34114.132
MinimumVisualStudioVersion = 10.0.40219.1
Project("{FAE04EC0-301F-11D3-BF4B-00C04F79EFBC}") = "Interfaz-Alex-Borrador", "Interfaz-Alex-Borrador\Interfaz-Alex-Borrador.csproj", "{B606DF16-533F-4070-86AF-B6BAAE272407}"
EndProject
Project("{2150E333-8FDC-42A3-9474-1A3956D46DE8}") = "Solution Items", "Solution Items", "{29BE6621-F72E-46BA-B636-92B58CDF5EB8}"
EndProject
Global
	GlobalSection(SolutionConfigurationPlatforms) = preSolution
		Debug|Any CPU = Debug|Any CPU
		Release|Any CPU = Release|Any CPU
	EndGlobalSection
	GlobalSection(ProjectConfigurationPlatforms) = postSolution
		{B606DF16-533F-4070-86AF-B6BAAE272407}.Debug|Any CPU.ActiveCfg = Debug|Any CPU
		{B606DF16-533F-4070-86AF-B6BAAE272407}.Debug|Any CPU.Build.0 = Debug|Any CPU
		{B606DF16-533F-4070-86AF-B6BAAE272407}.Release|Any CPU.ActiveCfg = Release|Any CPU
		{B606DF16-533F-4070-86AF-B6BAAE272407}.Release|Any CPU.Build.0 = Release|Any CPU
	EndGlobalSection
	GlobalSection(SolutionProperties) = preSolution
		HideSolutionNode = FALSE
	EndGlobalSection
	GlobalSection(ExtensibilityGlobals) = postSolution
		SolutionGuid = {2C3BDEFC-A2A7-42CC-843E-338D2FB02490}
	EndGlobalSection
EndGlobal
